<?xml version="1.0" encoding="utf-8"?>
<Project ToolsVersion="4.0" xmlns="http://schemas.microsoft.com/developer/msbuild/2003">
  <ItemGroup>
    <Filter Include="Application">
      <UniqueIdentifier>{D9DE78AF-4594-F1A4-CE88-EB7B3A3DE8A8}</UniqueIdentifier>
    </Filter>
    <Filter Include="Audio">
      <UniqueIdentifier>{9718D90C-032D-01BE-CCAE-A41D3882FDEE}</UniqueIdentifier>
    </Filter>
    <Filter Include="ComponentSystem">
      <UniqueIdentifier>{9D238DF0-09AF-FAB4-12C0-7DA97ECA56B5}</UniqueIdentifier>
    </Filter>
    <Filter Include="ComponentSystem\Components">
      <UniqueIdentifier>{926C9E06-7E7C-4AD7-E735-AFF5D3643970}</UniqueIdentifier>
    </Filter>
    <Filter Include="ComponentSystem\Components\Graphics">
      <UniqueIdentifier>{12799236-7E32-FDE0-0792-17BB734AB350}</UniqueIdentifier>
    </Filter>
    <Filter Include="ComponentSystem\Components\Lights">
      <UniqueIdentifier>{4CDD1707-B84B-6D86-0135-28866DE26222}</UniqueIdentifier>
    </Filter>
    <Filter Include="ComponentSystem\Components\Movement">
      <UniqueIdentifier>{0CB66609-786F-D1B3-01CF-EB8D6D878723}</UniqueIdentifier>
    </Filter>
    <Filter Include="ComponentSystem\Components\Physics">
      <UniqueIdentifier>{04E2F21C-F01D-F686-5930-0E7E458B9EA1}</UniqueIdentifier>
    </Filter>
    <Filter Include="DebugDrawer">
      <UniqueIdentifier>{B11A8221-1DD0-FA16-A6C4-F4ED1279F11A}</UniqueIdentifier>
    </Filter>
    <Filter Include="GlobalEventHandler">
      <UniqueIdentifier>{B61BF804-A2FF-B85A-0B60-B3ADF762A3DC}</UniqueIdentifier>
    </Filter>
    <Filter Include="ImGui">
      <UniqueIdentifier>{C0FF640D-2C14-8DBE-F595-301E616989EF}</UniqueIdentifier>
    </Filter>
    <Filter Include="Input">
      <UniqueIdentifier>{953A660D-014F-8EBE-CAD0-311E36A48AEF}</UniqueIdentifier>
    </Filter>
    <Filter Include="Intersections">
      <UniqueIdentifier>{0FC5E86C-7B85-64A3-44C0-AD20B03FA97F}</UniqueIdentifier>
    </Filter>
    <Filter Include="Math">
      <UniqueIdentifier>{AFF4887C-9B2B-8A0D-4418-7010302E060F}</UniqueIdentifier>
    </Filter>
    <Filter Include="SceneHandler">
      <UniqueIdentifier>{D1A1A536-BD04-35DB-668A-6D9152CC005E}</UniqueIdentifier>
    </Filter>
    <Filter Include="Time">
      <UniqueIdentifier>{74EC8C7C-6023-8E0D-0910-7410F5250A0F}</UniqueIdentifier>
    </Filter>
    <Filter Include="Utility">
      <UniqueIdentifier>{594615A9-C525-9444-CE3D-1F1B3A9CFAA5}</UniqueIdentifier>
    </Filter>
  </ItemGroup>
  <ItemGroup>
    <ClInclude Include="Application\Application.h">
      <Filter>Application</Filter>
    </ClInclude>
    <ClInclude Include="Application\EntryPoint.h">
      <Filter>Application</Filter>
    </ClInclude>
    <ClInclude Include="Application\Window.h">
      <Filter>Application</Filter>
    </ClInclude>
    <ClInclude Include="Audio\AudioEngine.h">
      <Filter>Audio</Filter>
    </ClInclude>
    <ClInclude Include="Audio\AudioInstance.h">
      <Filter>Audio</Filter>
    </ClInclude>
    <ClInclude Include="ComponentSystem\Component.h">
      <Filter>ComponentSystem</Filter>
    </ClInclude>
    <ClInclude Include="ComponentSystem\Components\AudioSource.h">
      <Filter>ComponentSystem\Components</Filter>
    </ClInclude>
    <ClInclude Include="ComponentSystem\Components\Graphics\AnimatedModel.h">
      <Filter>ComponentSystem\Components\Graphics</Filter>
    </ClInclude>
    <ClInclude Include="ComponentSystem\Components\Graphics\Camera.h">
      <Filter>ComponentSystem\Components\Graphics</Filter>
    </ClInclude>
    <ClInclude Include="ComponentSystem\Components\Graphics\DebugModel.h">
      <Filter>ComponentSystem\Components\Graphics</Filter>
    </ClInclude>
    <ClInclude Include="ComponentSystem\Components\Graphics\Model.h">
      <Filter>ComponentSystem\Components\Graphics</Filter>
    </ClInclude>
    <ClInclude Include="ComponentSystem\Components\Graphics\VFXModel.h">
      <Filter>ComponentSystem\Components\Graphics</Filter>
    </ClInclude>
    <ClInclude Include="ComponentSystem\Components\Lights\AmbientLight.h">
      <Filter>ComponentSystem\Components\Lights</Filter>
    </ClInclude>
    <ClInclude Include="ComponentSystem\Components\Lights\DirectionalLight.h">
      <Filter>ComponentSystem\Components\Lights</Filter>
    </ClInclude>
    <ClInclude Include="ComponentSystem\Components\Lights\LightSource.h">
      <Filter>ComponentSystem\Components\Lights</Filter>
    </ClInclude>
    <ClInclude Include="ComponentSystem\Components\Lights\PointLight.h">
      <Filter>ComponentSystem\Components\Lights</Filter>
    </ClInclude>
    <ClInclude Include="ComponentSystem\Components\Lights\SpotLight.h">
      <Filter>ComponentSystem\Components\Lights</Filter>
    </ClInclude>
    <ClInclude Include="ComponentSystem\Components\Movement\FreecamController.h">
      <Filter>ComponentSystem\Components\Movement</Filter>
    </ClInclude>
    <ClInclude Include="ComponentSystem\Components\Movement\ObjectController.h">
      <Filter>ComponentSystem\Components\Movement</Filter>
    </ClInclude>
    <ClInclude Include="ComponentSystem\Components\Movement\Rotator.h">
      <Filter>ComponentSystem\Components\Movement</Filter>
    </ClInclude>
    <ClInclude Include="ComponentSystem\Components\Physics\Collider.h">
      <Filter>ComponentSystem\Components\Physics</Filter>
    </ClInclude>
    <ClInclude Include="ComponentSystem\Components\Transform.h">
      <Filter>ComponentSystem\Components</Filter>
    </ClInclude>
    <ClInclude Include="ComponentSystem\GameObject.h">
      <Filter>ComponentSystem</Filter>
    </ClInclude>
    <ClInclude Include="ComponentSystem\GameObjectEvent.h">
      <Filter>ComponentSystem</Filter>
    </ClInclude>
    <ClInclude Include="ComponentSystem\GameObjectEventType.h">
      <Filter>ComponentSystem</Filter>
    </ClInclude>
    <ClInclude Include="ComponentSystem\Scene.h">
      <Filter>ComponentSystem</Filter>
    </ClInclude>
    <ClInclude Include="DebugDrawer\DebugDrawer.h">
      <Filter>DebugDrawer</Filter>
    </ClInclude>
    <ClInclude Include="Engine.h" />
    <ClInclude Include="EngineDefines.h" />
    <ClInclude Include="Enginepch.h" />
    <ClInclude Include="GlobalEventHandler\GlobalEventHandler.h">
      <Filter>GlobalEventHandler</Filter>
    </ClInclude>
    <ClInclude Include="GlobalEventHandler\GlobalEventSubscriber.hpp">
      <Filter>GlobalEventHandler</Filter>
    </ClInclude>
    <ClInclude Include="GlobalEventHandler\GlobalEventType.h">
      <Filter>GlobalEventHandler</Filter>
    </ClInclude>
    <ClInclude Include="ImGui\ImGuiHandler.h">
      <Filter>ImGui</Filter>
    </ClInclude>
    <ClInclude Include="Input\ControllerInput.h">
      <Filter>Input</Filter>
    </ClInclude>
    <ClInclude Include="Input\EnumControllerButtons.h">
      <Filter>Input</Filter>
    </ClInclude>
    <ClInclude Include="Input\EnumKeys.h">
      <Filter>Input</Filter>
    </ClInclude>
    <ClInclude Include="Input\GenericInput.h">
      <Filter>Input</Filter>
    </ClInclude>
    <ClInclude Include="Input\InputAction.h">
      <Filter>Input</Filter>
    </ClInclude>
    <ClInclude Include="Input\InputHandler.h">
      <Filter>Input</Filter>
    </ClInclude>
    <ClInclude Include="Input\MKBInput.h">
      <Filter>Input</Filter>
    </ClInclude>
    <ClInclude Include="Intersections\AABB2D.hpp">
      <Filter>Intersections</Filter>
    </ClInclude>
    <ClInclude Include="Intersections\AABB3D.hpp">
      <Filter>Intersections</Filter>
    </ClInclude>
    <ClInclude Include="Intersections\Circle.hpp">
      <Filter>Intersections</Filter>
    </ClInclude>
    <ClInclude Include="Intersections\Intersection2D.hpp">
      <Filter>Intersections</Filter>
    </ClInclude>
    <ClInclude Include="Intersections\Intersection3D.hpp">
      <Filter>Intersections</Filter>
    </ClInclude>
    <ClInclude Include="Intersections\Line.hpp">
      <Filter>Intersections</Filter>
    </ClInclude>
    <ClInclude Include="Intersections\LineVolume.hpp">
      <Filter>Intersections</Filter>
    </ClInclude>
    <ClInclude Include="Intersections\Plane.hpp">
      <Filter>Intersections</Filter>
    </ClInclude>
    <ClInclude Include="Intersections\PlaneVolume.hpp">
      <Filter>Intersections</Filter>
    </ClInclude>
    <ClInclude Include="Intersections\Ray.hpp">
      <Filter>Intersections</Filter>
    </ClInclude>
    <ClInclude Include="Intersections\Ray2D.hpp">
      <Filter>Intersections</Filter>
    </ClInclude>
    <ClInclude Include="Intersections\Sphere.hpp">
      <Filter>Intersections</Filter>
    </ClInclude>
    <ClInclude Include="Math\MathConstants.hpp">
      <Filter>Math</Filter>
    </ClInclude>
    <ClInclude Include="Math\Matrix.hpp">
      <Filter>Math</Filter>
    </ClInclude>
    <ClInclude Include="Math\Matrix3x3.hpp">
      <Filter>Math</Filter>
    </ClInclude>
    <ClInclude Include="Math\Matrix4x4.hpp">
      <Filter>Math</Filter>
    </ClInclude>
    <ClInclude Include="Math\Quaternion.hpp">
      <Filter>Math</Filter>
    </ClInclude>
    <ClInclude Include="Math\Vector.hpp">
      <Filter>Math</Filter>
    </ClInclude>
    <ClInclude Include="Math\Vector2.hpp">
      <Filter>Math</Filter>
    </ClInclude>
    <ClInclude Include="Math\Vector3.hpp">
      <Filter>Math</Filter>
    </ClInclude>
    <ClInclude Include="Math\Vector4.hpp">
      <Filter>Math</Filter>
    </ClInclude>
    <ClInclude Include="SceneHandler\SceneHandler.h">
      <Filter>SceneHandler</Filter>
    </ClInclude>
    <ClInclude Include="SceneHandler\SceneLoader.h">
      <Filter>SceneHandler</Filter>
    </ClInclude>
    <ClInclude Include="Time\Timer.h">
      <Filter>Time</Filter>
    </ClInclude>
    <ClInclude Include="Utility\SerializationUtils.hpp">
      <Filter>Utility</Filter>
    </ClInclude>
  </ItemGroup>
  <ItemGroup>
    <ClCompile Include="Application\Application.cpp">
      <Filter>Application</Filter>
    </ClCompile>
    <ClCompile Include="Application\Window.cpp">
      <Filter>Application</Filter>
    </ClCompile>
    <ClCompile Include="Audio\AudioEngine.cpp">
      <Filter>Audio</Filter>
    </ClCompile>
    <ClCompile Include="Audio\AudioInstance.cpp">
      <Filter>Audio</Filter>
    </ClCompile>
    <ClCompile Include="ComponentSystem\Component.cpp">
      <Filter>ComponentSystem</Filter>
    </ClCompile>
    <ClCompile Include="ComponentSystem\Components\AudioSource.cpp">
      <Filter>ComponentSystem\Components</Filter>
    </ClCompile>
    <ClCompile Include="ComponentSystem\Components\Graphics\AnimatedModel.cpp">
      <Filter>ComponentSystem\Components\Graphics</Filter>
    </ClCompile>
    <ClCompile Include="ComponentSystem\Components\Graphics\Camera.cpp">
      <Filter>ComponentSystem\Components\Graphics</Filter>
    </ClCompile>
    <ClCompile Include="ComponentSystem\Components\Graphics\DebugModel.cpp">
      <Filter>ComponentSystem\Components\Graphics</Filter>
    </ClCompile>
    <ClCompile Include="ComponentSystem\Components\Graphics\Model.cpp">
      <Filter>ComponentSystem\Components\Graphics</Filter>
    </ClCompile>
    <ClCompile Include="ComponentSystem\Components\Graphics\VFXModel.cpp">
      <Filter>ComponentSystem\Components\Graphics</Filter>
    </ClCompile>
    <ClCompile Include="ComponentSystem\Components\Lights\AmbientLight.cpp">
      <Filter>ComponentSystem\Components\Lights</Filter>
    </ClCompile>
    <ClCompile Include="ComponentSystem\Components\Lights\DirectionalLight.cpp">
      <Filter>ComponentSystem\Components\Lights</Filter>
    </ClCompile>
    <ClCompile Include="ComponentSystem\Components\Lights\LightSource.cpp">
      <Filter>ComponentSystem\Components\Lights</Filter>
    </ClCompile>
    <ClCompile Include="ComponentSystem\Components\Lights\PointLight.cpp">
      <Filter>ComponentSystem\Components\Lights</Filter>
    </ClCompile>
    <ClCompile Include="ComponentSystem\Components\Lights\SpotLight.cpp">
      <Filter>ComponentSystem\Components\Lights</Filter>
    </ClCompile>
    <ClCompile Include="ComponentSystem\Components\Movement\FreecamController.cpp">
      <Filter>ComponentSystem\Components\Movement</Filter>
    </ClCompile>
    <ClCompile Include="ComponentSystem\Components\Movement\ObjectController.cpp">
      <Filter>ComponentSystem\Components\Movement</Filter>
    </ClCompile>
    <ClCompile Include="ComponentSystem\Components\Movement\Rotator.cpp">
      <Filter>ComponentSystem\Components\Movement</Filter>
    </ClCompile>
    <ClCompile Include="ComponentSystem\Components\Physics\Collider.cpp">
      <Filter>ComponentSystem\Components\Physics</Filter>
    </ClCompile>
    <ClCompile Include="ComponentSystem\Components\Transform.cpp">
      <Filter>ComponentSystem\Components</Filter>
    </ClCompile>
    <ClCompile Include="ComponentSystem\GameObject.cpp">
      <Filter>ComponentSystem</Filter>
    </ClCompile>
    <ClCompile Include="ComponentSystem\GameObjectEvent.cpp">
      <Filter>ComponentSystem</Filter>
    </ClCompile>
    <ClCompile Include="ComponentSystem\Scene.cpp">
      <Filter>ComponentSystem</Filter>
    </ClCompile>
    <ClCompile Include="DebugDrawer\DebugDrawer.cpp">
      <Filter>DebugDrawer</Filter>
    </ClCompile>
    <ClCompile Include="Engine.cpp" />
    <ClCompile Include="Enginepch.cpp" />
    <ClCompile Include="GlobalEventHandler\GlobalEventHandler.cpp">
      <Filter>GlobalEventHandler</Filter>
    </ClCompile>
    <ClCompile Include="ImGui\ImGuiHandler.cpp">
      <Filter>ImGui</Filter>
    </ClCompile>
    <ClCompile Include="Input\ControllerInput.cpp">
      <Filter>Input</Filter>
    </ClCompile>
    <ClCompile Include="Input\InputHandler.cpp">
      <Filter>Input</Filter>
    </ClCompile>
    <ClCompile Include="Input\MKBInput.cpp">
      <Filter>Input</Filter>
    </ClCompile>
    <ClCompile Include="SceneHandler\SceneHandler.cpp">
      <Filter>SceneHandler</Filter>
    </ClCompile>
    <ClCompile Include="SceneHandler\SceneLoader.cpp">
      <Filter>SceneHandler</Filter>
    </ClCompile>
    <ClCompile Include="Time\Timer.cpp">
      <Filter>Time</Filter>
    </ClCompile>
  </ItemGroup>
</Project>