<?xml version="1.0" encoding="utf-8"?>
<Project ToolsVersion="4.0" xmlns="http://schemas.microsoft.com/developer/msbuild/2003">
  <ItemGroup>
    <Filter Include="Debug">
      <UniqueIdentifier>{0C95060D-78A9-2EBE-412B-D21DADFE2AEF}</UniqueIdentifier>
    </Filter>
    <Filter Include="Debug\Objects">
      <UniqueIdentifier>{C57F40A4-3140-BCDA-FA7A-055866FA00B7}</UniqueIdentifier>
    </Filter>
    <Filter Include="Includes">
      <UniqueIdentifier>{FC04D2DC-E8D1-2CE8-11EB-1A90FD166276}</UniqueIdentifier>
    </Filter>
    <Filter Include="Includes\ConstantBuffers">
      <UniqueIdentifier>{22FD78FB-0E22-C87B-376D-AD0B23F1C699}</UniqueIdentifier>
    </Filter>
    <Filter Include="brdfLUT">
      <UniqueIdentifier>{98C6C18C-04A6-4028-0DBE-CBFE791CA789}</UniqueIdentifier>
    </Filter>
  </ItemGroup>
  <ItemGroup>
    <FxCompile Include="Debug\DebugPixelNormals_PS.hlsl">
      <Filter>Debug</Filter>
    </FxCompile>
    <FxCompile Include="Debug\DebugTextureNormals_PS.hlsl">
      <Filter>Debug</Filter>
    </FxCompile>
    <FxCompile Include="Debug\DebugUVs_PS.hlsl">
      <Filter>Debug</Filter>
    </FxCompile>
    <FxCompile Include="Debug\DebugVertexNormals_PS.hlsl">
      <Filter>Debug</Filter>
    </FxCompile>
    <FxCompile Include="Debug\Gizmo_PS.hlsl">
      <Filter>Debug</Filter>
    </FxCompile>
    <FxCompile Include="Debug\Objects\DebugLine_GS.hlsl">
      <Filter>Debug\Objects</Filter>
    </FxCompile>
    <FxCompile Include="Debug\Objects\DebugLine_VS.hlsl">
      <Filter>Debug\Objects</Filter>
    </FxCompile>
    <FxCompile Include="Debug\Objects\DebugObject_PS.hlsl">
      <Filter>Debug\Objects</Filter>
    </FxCompile>
    <FxCompile Include="Debug\Unlit_PS.hlsl">
      <Filter>Debug</Filter>
    </FxCompile>
    <FxCompile Include="Debug\Wireframe_PS.hlsl">
      <Filter>Debug</Filter>
    </FxCompile>
    <FxCompile Include="Mesh_VS.hlsl" />
    <FxCompile Include="PBRMesh_PS.hlsl" />
    <FxCompile Include="ShadowCube_GS.hlsl" />
    <FxCompile Include="ShadowCube_VS.hlsl" />
    <FxCompile Include="Sprite_GS.hlsl" />
    <FxCompile Include="Sprite_PS.hlsl" />
    <FxCompile Include="Sprite_VS.hlsl" />
    <FxCompile Include="Spritesheet_PS.hlsl" />
    <FxCompile Include="VFXSpritesheet_PS.hlsl" />
    <FxCompile Include="brdfLUT\brdfLUT_PS.hlsl">
      <Filter>brdfLUT</Filter>
    </FxCompile>
    <FxCompile Include="brdfLUT\brdfLUT_VS.hlsl">
      <Filter>brdfLUT</Filter>
    </FxCompile>
  </ItemGroup>
  <ItemGroup>
    <None Include="Includes\BRDF_Functions.hlsli">
      <Filter>Includes</Filter>
    </None>
    <None Include="Includes\ConstantBuffers\AnimationBuffer.hlsli">
      <Filter>Includes\ConstantBuffers</Filter>
    </None>
    <None Include="Includes\ConstantBuffers\FrameBuffer.hlsli">
      <Filter>Includes\ConstantBuffers</Filter>
    </None>
    <None Include="Includes\ConstantBuffers\LightBuffer.hlsli">
      <Filter>Includes\ConstantBuffers</Filter>
    </None>
    <None Include="Includes\ConstantBuffers\MaterialBuffer.hlsli">
      <Filter>Includes\ConstantBuffers</Filter>
    </None>
    <None Include="Includes\ConstantBuffers\ObjectBuffer.hlsli">
      <Filter>Includes\ConstantBuffers</Filter>
    </None>
    <None Include="Includes\ConstantBuffers\ShadowBuffer.hlsli">
      <Filter>Includes\ConstantBuffers</Filter>
    </None>
    <None Include="Includes\ConstantBuffers\SpriteBuffer.hlsli">
      <Filter>Includes\ConstantBuffers</Filter>
    </None>
    <None Include="Includes\Debug_Includes.hlsli">
      <Filter>Includes</Filter>
    </None>
    <None Include="Includes\DefaultShaderIncludes.hlsli">
      <Filter>Includes</Filter>
    </None>
    <None Include="Includes\Lambertian_Functions.hlsli">
      <Filter>Includes</Filter>
    </None>
    <None Include="Includes\Sprite_Includes.hlsli">
      <Filter>Includes</Filter>
    </None>
  </ItemGroup>
</Project>