<?xml version="1.0" encoding="utf-8"?>
<Project ToolsVersion="4.0" xmlns="http://schemas.microsoft.com/developer/msbuild/2003">
  <ItemGroup>
    <Filter Include="DefaultTextures">
      <UniqueIdentifier>{0E9974F9-7A24-E2BD-8335-65B2EF3F3EBE}</UniqueIdentifier>
    </Filter>
    <Filter Include="TGAFBX">
      <UniqueIdentifier>{A1FCF9D0-8D9E-24A7-7659-38FB629AABF7}</UniqueIdentifier>
    </Filter>
  </ItemGroup>
  <ItemGroup>
    <ClInclude Include="Asset.h" />
    <ClInclude Include="AssetManager.h" />
    <ClInclude Include="Assetpch.h" />
    <ClInclude Include="DefaultTextures\Default_C.h">
      <Filter>DefaultTextures</Filter>
    </ClInclude>
    <ClInclude Include="DefaultTextures\Default_FX.h">
      <Filter>DefaultTextures</Filter>
    </ClInclude>
    <ClInclude Include="DefaultTextures\Default_M.h">
      <Filter>DefaultTextures</Filter>
    </ClInclude>
    <ClInclude Include="DefaultTextures\Default_N.h">
      <Filter>DefaultTextures</Filter>
    </ClInclude>
    <ClInclude Include="TGAFBX\Importer.h">
      <Filter>TGAFBX</Filter>
    </ClInclude>
    <ClInclude Include="TGAFBX\TGAFbx.h">
      <Filter>TGAFBX</Filter>
    </ClInclude>
    <ClInclude Include="TGAFBX\TgaFbxStructs.h">
      <Filter>TGAFBX</Filter>
    </ClInclude>
    <ClInclude Include="TGAFBX\Version.h">
      <Filter>TGAFBX</Filter>
    </ClInclude>
  </ItemGroup>
  <ItemGroup>
    <ClCompile Include="AssetManager.cpp" />
    <ClCompile Include="Assetpch.cpp" />
  </ItemGroup>
</Project>