<?xml version="1.0" encoding="utf-8"?>
<Project ToolsVersion="4.0" xmlns="http://schemas.microsoft.com/developer/msbuild/2003">
  <ItemGroup>
    <Filter Include="Source Files">
      <UniqueIdentifier>{4FC737F1-C7A5-4376-A066-2A32D752A2FF}</UniqueIdentifier>
      <Extensions>cpp;c;cc;cxx;c++;cppm;ixx;def;odl;idl;hpj;bat;asm;asmx</Extensions>
    </Filter>
    <Filter Include="Header Files">
      <UniqueIdentifier>{93995380-89BD-4b04-88EB-625FBE52EBFB}</UniqueIdentifier>
      <Extensions>h;hh;hpp;hxx;h++;hm;inl;inc;ipp;xsd</Extensions>
    </Filter>
    <Filter Include="Resource Files">
      <UniqueIdentifier>{67DA6AB6-F800-4c08-8B7A-83BB121AAD01}</UniqueIdentifier>
      <Extensions>rc;ico;cur;bmp;dlg;rc2;rct;bin;rgs;gif;jpg;jpeg;jpe;resx;tiff;tif;png;wav;mfcribbon-ms</Extensions>
    </Filter>
  </ItemGroup>
  <ItemGroup>
    <ClInclude Include="GraphicsEngine.h">
      <Filter>Header Files</Filter>
    </ClInclude>
    <ClInclude Include="GraphicsEngine.pch.h">
      <Filter>Header Files</Filter>
    </ClInclude>
    <ClInclude Include="RHI\RenderHardwareInterface.h">
      <Filter>Header Files</Filter>
    </ClInclude>
    <ClInclude Include="RHI\Texture.h">
      <Filter>Header Files</Filter>
    </ClInclude>
    <ClInclude Include="RHI\Vertex.h">
      <Filter>Header Files</Filter>
    </ClInclude>
    <ClInclude Include="RHI\RHIStructs.h">
      <Filter>Header Files</Filter>
    </ClInclude>
    <ClInclude Include="RHI\Shader.h">
      <Filter>Header Files</Filter>
    </ClInclude>
    <ClInclude Include="Objects\ConstantBuffers\ConstantBuffer.h">
      <Filter>Header Files</Filter>
    </ClInclude>
    <ClInclude Include="Objects\ConstantBuffers\FrameBuffer.h">
      <Filter>Header Files</Filter>
    </ClInclude>
    <ClInclude Include="Objects\ConstantBuffers\ObjectBuffer.h">
      <Filter>Header Files</Filter>
    </ClInclude>
    <ClInclude Include="RHI\Mesh.h">
      <Filter>Header Files</Filter>
    </ClInclude>
    <ClInclude Include="RHI\PipelineStateObject.h">
      <Filter>Header Files</Filter>
    </ClInclude>
    <ClInclude Include="RHI\GraphicsCommands\GraphicsCommandList.h">
      <Filter>Header Files</Filter>
    </ClInclude>
    <ClInclude Include="RHI\Animation.h">
      <Filter>Header Files</Filter>
    </ClInclude>
    <ClInclude Include="Objects\ConstantBuffers\AnimationBuffer.h">
      <Filter>Header Files</Filter>
    </ClInclude>
    <ClInclude Include="Objects\Material.h">
      <Filter>Header Files</Filter>
    </ClInclude>
    <ClInclude Include="Objects\ConstantBuffers\MaterialBuffer.h">
      <Filter>Header Files</Filter>
    </ClInclude>
    <ClInclude Include="RHI\GraphicsCommands\Render\RenderMesh.h">
      <Filter>Header Files</Filter>
    </ClInclude>
    <ClInclude Include="RHI\GraphicsCommands\GraphicsCommandBase.h">
      <Filter>Header Files</Filter>
    </ClInclude>
    <ClInclude Include="RHI\GraphicsCommands\Render\RenderAnimatedMesh.h">
      <Filter>Header Files</Filter>
    </ClInclude>
    <ClInclude Include="RHI\GraphicsCommands\LambdaGraphicsCommand.h">
      <Filter>Header Files</Filter>
    </ClInclude>
    <ClInclude Include="DDSTextureLoader\DDSTextureLoader11.h">
      <Filter>Header Files</Filter>
    </ClInclude>
    <ClInclude Include="Objects\ConstantBuffers\LightBuffer.h">
      <Filter>Header Files</Filter>
    </ClInclude>
    <ClInclude Include="RHI\GraphicsCommands\Resource\SetTextureResource.h">
      <Filter>Header Files</Filter>
    </ClInclude>
    <ClInclude Include="RHI\GraphicsCommands\Resource\ClearTextureResource.h">
      <Filter>Header Files</Filter>
    </ClInclude>
    <ClInclude Include="RHI\GraphicsCommands\ChangePipelineState.h">
      <Filter>Header Files</Filter>
    </ClInclude>
    <ClInclude Include="PipelineStateType.h">
      <Filter>Header Files</Filter>
    </ClInclude>
    <ClInclude Include="RHI\GraphicsCommands\ConstantBuffer\UpdateFrameBuffer.h">
      <Filter>Header Files</Filter>
    </ClInclude>
    <ClInclude Include="RHI\GraphicsCommands\Resource\SetShadowMap.h">
      <Filter>Header Files</Filter>
    </ClInclude>
    <ClInclude Include="Objects\ConstantBuffers\ShadowBuffer.h">
      <Filter>Header Files</Filter>
    </ClInclude>
    <ClInclude Include="RHI\GraphicsCommands\ConstantBuffer\UpdateLightBuffer.h">
      <Filter>Header Files</Filter>
    </ClInclude>
    <ClInclude Include="RHI\GraphicsCommands\ConstantBuffer\UpdateShadowBuffer.h">
      <Filter>Header Files</Filter>
    </ClInclude>
    <ClInclude Include="RHI\GraphicsCommands\Resource\SetShadowCubemap.h">
      <Filter>Header Files</Filter>
    </ClInclude>
    <ClInclude Include="RHI\GraphicsCommands\Render\RenderDebugMesh.h">
      <Filter>Header Files</Filter>
    </ClInclude>
  </ItemGroup>
  <ItemGroup>
    <ClCompile Include="GraphicsEngine.cpp">
      <Filter>Source Files</Filter>
    </ClCompile>
    <ClCompile Include="GraphicsEngine.pch.cpp">
      <Filter>Source Files</Filter>
    </ClCompile>
    <ClCompile Include="RHI\RenderHardwareInterface.cpp">
      <Filter>Source Files</Filter>
    </ClCompile>
    <ClCompile Include="RHI\Texture.cpp">
      <Filter>Source Files</Filter>
    </ClCompile>
    <ClCompile Include="RHI\Vertex.cpp">
      <Filter>Source Files</Filter>
    </ClCompile>
    <ClCompile Include="RHI\Shader.cpp">
      <Filter>Source Files</Filter>
    </ClCompile>
    <ClCompile Include="Objects\ConstantBuffers\ConstantBuffer.cpp">
      <Filter>Source Files</Filter>
    </ClCompile>
    <ClCompile Include="RHI\Mesh.cpp">
      <Filter>Source Files</Filter>
    </ClCompile>
    <ClCompile Include="RHI\PipelineStateObject.cpp">
      <Filter>Source Files</Filter>
    </ClCompile>
    <ClCompile Include="RHI\GraphicsCommands\GraphicsCommandList.cpp">
      <Filter>Source Files</Filter>
    </ClCompile>
    <ClCompile Include="Objects\Material.cpp">
      <Filter>Source Files</Filter>
    </ClCompile>
    <ClCompile Include="RHI\GraphicsCommands\Render\RenderMesh.cpp">
      <Filter>Source Files</Filter>
    </ClCompile>
    <ClCompile Include="RHI\GraphicsCommands\GraphicsCommandBase.cpp">
      <Filter>Source Files</Filter>
    </ClCompile>
    <ClCompile Include="RHI\GraphicsCommands\Render\RenderAnimatedMesh.cpp">
      <Filter>Source Files</Filter>
    </ClCompile>
    <ClCompile Include="RHI\GraphicsCommands\LambdaGraphicsCommand.cpp">
      <Filter>Source Files</Filter>
    </ClCompile>
    <ClCompile Include="DDSTextureLoader\DDSTextureLoader11.cpp">
      <Filter>Source Files</Filter>
    </ClCompile>
    <ClCompile Include="RHI\GraphicsCommands\Resource\SetTextureResource.cpp">
      <Filter>Source Files</Filter>
    </ClCompile>
    <ClCompile Include="RHI\GraphicsCommands\Resource\ClearTextureResource.cpp">
      <Filter>Source Files</Filter>
    </ClCompile>
    <ClCompile Include="RHI\GraphicsCommands\ChangePipelineState.cpp">
      <Filter>Source Files</Filter>
    </ClCompile>
    <ClCompile Include="RHI\GraphicsCommands\ConstantBuffer\UpdateFrameBuffer.cpp">
      <Filter>Source Files</Filter>
    </ClCompile>
    <ClCompile Include="RHI\GraphicsCommands\Resource\SetShadowMap.cpp">
      <Filter>Source Files</Filter>
    </ClCompile>
    <ClCompile Include="RHI\GraphicsCommands\ConstantBuffer\UpdateLightBuffer.cpp">
      <Filter>Source Files</Filter>
    </ClCompile>
    <ClCompile Include="RHI\GraphicsCommands\ConstantBuffer\UpdateShadowBuffer.cpp">
      <Filter>Source Files</Filter>
    </ClCompile>
    <ClCompile Include="RHI\GraphicsCommands\Resource\SetShadowCubemap.cpp">
      <Filter>Source Files</Filter>
    </ClCompile>
    <ClCompile Include="RHI\GraphicsCommands\Render\RenderDebugMesh.cpp">
      <Filter>Source Files</Filter>
    </ClCompile>
  </ItemGroup>
</Project>